
Microsoft Visual Studio Solution File, Format Version 12.00
# Visual Studio Version 17
VisualStudioVersion = 17.6.33815.320
MinimumVisualStudioVersion = 10.0.40219.1
Project("{FAE04EC0-301F-11D3-BF4B-00C04F79EFBC}") = "PasswordLibraryGeneratePassword", "PasswordLibraryGeneratePassword\PasswordLibraryGeneratePassword.csproj", "{EC371781-EF49-420D-907F-2613E8F83B7D}"
EndProject
Project("{FAE04EC0-301F-11D3-BF4B-00C04F79EFBC}") = "PasswordLibraryGeneratePasswordtest", "PasswordLibraryGeneratePasswordtest\PasswordLibraryGeneratePasswordtest.csproj", "{387C81A9-4BE2-4435-A948-082E3276BE57}"
EndProject
Global
	GlobalSection(SolutionConfigurationPlatforms) = preSolution
		Debug|Any CPU = Debug|Any CPU
		Release|Any CPU = Release|Any CPU
	EndGlobalSection
	GlobalSection(ProjectConfigurationPlatforms) = postSolution
		{EC371781-EF49-420D-907F-2613E8F83B7D}.Debug|Any CPU.ActiveCfg = Debug|Any CPU
		{EC371781-EF49-420D-907F-2613E8F83B7D}.Debug|Any CPU.Build.0 = Debug|Any CPU
		{EC371781-EF49-420D-907F-2613E8F83B7D}.Release|Any CPU.ActiveCfg = Release|Any CPU
		{EC371781-EF49-420D-907F-2613E8F83B7D}.Release|Any CPU.Build.0 = Release|Any CPU
		{387C81A9-4BE2-4435-A948-082E3276BE57}.Debug|Any CPU.ActiveCfg = Debug|Any CPU
		{387C81A9-4BE2-4435-A948-082E3276BE57}.Debug|Any CPU.Build.0 = Debug|Any CPU
		{387C81A9-4BE2-4435-A948-082E3276BE57}.Release|Any CPU.ActiveCfg = Release|Any CPU
		{387C81A9-4BE2-4435-A948-082E3276BE57}.Release|Any CPU.Build.0 = Release|Any CPU
	EndGlobalSection
	GlobalSection(SolutionProperties) = preSolution
		HideSolutionNode = FALSE
	EndGlobalSection
	GlobalSection(ExtensibilityGlobals) = postSolution
		SolutionGuid = {5756291E-0CA8-467D-929B-8038892407A5}
	EndGlobalSection
EndGlobal
